
Microsoft Visual Studio Solution File, Format Version 12.00
# Visual Studio Version 16
VisualStudioVersion = 16.0.31112.23
MinimumVisualStudioVersion = 10.0.40219.1
Project("{FAE04EC0-301F-11D3-BF4B-00C04F79EFBC}") = "UITService03", "UITService03\UITService03.csproj", "{FFAFC01B-CC30-4BE6-808B-AB4FDF5DE737}"
EndProject
Global
	GlobalSection(SolutionConfigurationPlatforms) = preSolution
		Debug|Any CPU = Debug|Any CPU
		Release|Any CPU = Release|Any CPU
	EndGlobalSection
	GlobalSection(ProjectConfigurationPlatforms) = postSolution
		{FFAFC01B-CC30-4BE6-808B-AB4FDF5DE737}.Debug|Any CPU.ActiveCfg = Debug|Any CPU
		{FFAFC01B-CC30-4BE6-808B-AB4FDF5DE737}.Debug|Any CPU.Build.0 = Debug|Any CPU
		{FFAFC01B-CC30-4BE6-808B-AB4FDF5DE737}.Release|Any CPU.ActiveCfg = Release|Any CPU
		{FFAFC01B-CC30-4BE6-808B-AB4FDF5DE737}.Release|Any CPU.Build.0 = Release|Any CPU
	EndGlobalSection
	GlobalSection(SolutionProperties) = preSolution
		HideSolutionNode = FALSE
	EndGlobalSection
	GlobalSection(ExtensibilityGlobals) = postSolution
		SolutionGuid = {19028F68-A483-438F-9F4C-FD54FB95A287}
	EndGlobalSection
EndGlobal
